// !$*UTF8*$!
{
	archiveVersion = 1;
	classes = {
	};
	objectVersion = 48;
	objects = {

/* Begin PBXBuildFile section */
		2C1EA37D1F6281C200E97D5E /* AppDelegate.swift in Sources */ = {isa = PBXBuildFile; fileRef = 2C1EA37C1F6281C200E97D5E /* AppDelegate.swift */; };
		2C1EA37F1F6281C200E97D5E /* art.scnassets in Resources */ = {isa = PBXBuildFile; fileRef = 2C1EA37E1F6281C200E97D5E /* art.scnassets */; };
		2C1EA3811F6281C200E97D5E /* ViewController.swift in Sources */ = {isa = PBXBuildFile; fileRef = 2C1EA3801F6281C200E97D5E /* ViewController.swift */; };
		2C1EA3841F6281C200E97D5E /* Main.storyboard in Resources */ = {isa = PBXBuildFile; fileRef = 2C1EA3821F6281C200E97D5E /* Main.storyboard */; };
		2C1EA3861F6281C200E97D5E /* Assets.xcassets in Resources */ = {isa = PBXBuildFile; fileRef = 2C1EA3851F6281C200E97D5E /* Assets.xcassets */; };
		2C1EA3891F6281C200E97D5E /* LaunchScreen.storyboard in Resources */ = {isa = PBXBuildFile; fileRef = 2C1EA3871F6281C200E97D5E /* LaunchScreen.storyboard */; };
		2C3EB95B1F9A580000AA77B4 /* SceneKitVideoRecorderDemoUnitTests.swift in Sources */ = {isa = PBXBuildFile; fileRef = 2C3EB95A1F9A580000AA77B4 /* SceneKitVideoRecorderDemoUnitTests.swift */; };
		EEB00B02F5C6843413C3F432 /* Pods_SceneKitVideoRecorderDemo.framework in Frameworks */ = {isa = PBXBuildFile; fileRef = F9BD48745ADAAAC0D1AE4D17 /* Pods_SceneKitVideoRecorderDemo.framework */; };
/* End PBXBuildFile section */

/* Begin PBXContainerItemProxy section */
		2C3EB95D1F9A580000AA77B4 /* PBXContainerItemProxy */ = {
			isa = PBXContainerItemProxy;
			containerPortal = 2C1EA3711F6281C200E97D5E /* Project object */;
			proxyType = 1;
			remoteGlobalIDString = 2C1EA3781F6281C200E97D5E;
			remoteInfo = SceneKitVideoRecorderDemo;
		};
/* End PBXContainerItemProxy section */

/* Begin PBXFileReference section */
		2C1EA3791F6281C200E97D5E /* SceneKitVideoRecorderDemo.app */ = {isa = PBXFileReference; explicitFileType = wrapper.application; includeInIndex = 0; path = SceneKitVideoRecorderDemo.app; sourceTree = BUILT_PRODUCTS_DIR; };
		2C1EA37C1F6281C200E97D5E /* AppDelegate.swift */ = {isa = PBXFileReference; lastKnownFileType = sourcecode.swift; path = AppDelegate.swift; sourceTree = "<group>"; };
		2C1EA37E1F6281C200E97D5E /* art.scnassets */ = {isa = PBXFileReference; lastKnownFileType = wrapper.scnassets; path = art.scnassets; sourceTree = "<group>"; };
		2C1EA3801F6281C200E97D5E /* ViewController.swift */ = {isa = PBXFileReference; lastKnownFileType = sourcecode.swift; path = ViewController.swift; sourceTree = "<group>"; };
		2C1EA3831F6281C200E97D5E /* Base */ = {isa = PBXFileReference; lastKnownFileType = file.storyboard; name = Base; path = Base.lproj/Main.storyboard; sourceTree = "<group>"; };
		2C1EA3851F6281C200E97D5E /* Assets.xcassets */ = {isa = PBXFileReference; lastKnownFileType = folder.assetcatalog; path = Assets.xcassets; sourceTree = "<group>"; };
		2C1EA3881F6281C200E97D5E /* Base */ = {isa = PBXFileReference; lastKnownFileType = file.storyboard; name = Base; path = Base.lproj/LaunchScreen.storyboard; sourceTree = "<group>"; };
		2C1EA38A1F6281C200E97D5E /* Info.plist */ = {isa = PBXFileReference; lastKnownFileType = text.plist.xml; path = Info.plist; sourceTree = "<group>"; };
		2C3EB9581F9A580000AA77B4 /* SceneKitVideoRecorderDemoUnitTests.xctest */ = {isa = PBXFileReference; explicitFileType = wrapper.cfbundle; includeInIndex = 0; path = SceneKitVideoRecorderDemoUnitTests.xctest; sourceTree = BUILT_PRODUCTS_DIR; };
		2C3EB95A1F9A580000AA77B4 /* SceneKitVideoRecorderDemoUnitTests.swift */ = {isa = PBXFileReference; lastKnownFileType = sourcecode.swift; path = SceneKitVideoRecorderDemoUnitTests.swift; sourceTree = "<group>"; };
		2C3EB95C1F9A580000AA77B4 /* Info.plist */ = {isa = PBXFileReference; lastKnownFileType = text.plist.xml; path = Info.plist; sourceTree = "<group>"; };
		5637905D9A0E8ABEDCB7C091 /* Pods-SceneKitVideoRecorderDemo.release.xcconfig */ = {isa = PBXFileReference; includeInIndex = 1; lastKnownFileType = text.xcconfig; name = "Pods-SceneKitVideoRecorderDemo.release.xcconfig"; path = "Pods/Target Support Files/Pods-SceneKitVideoRecorderDemo/Pods-SceneKitVideoRecorderDemo.release.xcconfig"; sourceTree = "<group>"; };
		EAA3B70BD9F1A1E70DEC8926 /* Pods-SceneKitVideoRecorderDemo.debug.xcconfig */ = {isa = PBXFileReference; includeInIndex = 1; lastKnownFileType = text.xcconfig; name = "Pods-SceneKitVideoRecorderDemo.debug.xcconfig"; path = "Pods/Target Support Files/Pods-SceneKitVideoRecorderDemo/Pods-SceneKitVideoRecorderDemo.debug.xcconfig"; sourceTree = "<group>"; };
		F9BD48745ADAAAC0D1AE4D17 /* Pods_SceneKitVideoRecorderDemo.framework */ = {isa = PBXFileReference; explicitFileType = wrapper.framework; includeInIndex = 0; path = Pods_SceneKitVideoRecorderDemo.framework; sourceTree = BUILT_PRODUCTS_DIR; };
/* End PBXFileReference section */

/* Begin PBXFrameworksBuildPhase section */
		2C1EA3761F6281C200E97D5E /* Frameworks */ = {
			isa = PBXFrameworksBuildPhase;
			buildActionMask = 2147483647;
			files = (
				EEB00B02F5C6843413C3F432 /* Pods_SceneKitVideoRecorderDemo.framework in Frameworks */,
			);
			runOnlyForDeploymentPostprocessing = 0;
		};
		2C3EB9551F9A580000AA77B4 /* Frameworks */ = {
			isa = PBXFrameworksBuildPhase;
			buildActionMask = 2147483647;
			files = (
			);
			runOnlyForDeploymentPostprocessing = 0;
		};
/* End PBXFrameworksBuildPhase section */

/* Begin PBXGroup section */
		2C1EA3701F6281C200E97D5E = {
			isa = PBXGroup;
			children = (
				2C1EA37B1F6281C200E97D5E /* SceneKitVideoRecorderDemo */,
				2C3EB9591F9A580000AA77B4 /* SceneKitVideoRecorderDemoUnitTests */,
				2C1EA37A1F6281C200E97D5E /* Products */,
				7D48497869DC66C1C9741FDD /* Pods */,
				C071E4A160A212D4358F643D /* Frameworks */,
			);
			sourceTree = "<group>";
		};
		2C1EA37A1F6281C200E97D5E /* Products */ = {
			isa = PBXGroup;
			children = (
				2C1EA3791F6281C200E97D5E /* SceneKitVideoRecorderDemo.app */,
				2C3EB9581F9A580000AA77B4 /* SceneKitVideoRecorderDemoUnitTests.xctest */,
			);
			name = Products;
			sourceTree = "<group>";
		};
		2C1EA37B1F6281C200E97D5E /* SceneKitVideoRecorderDemo */ = {
			isa = PBXGroup;
			children = (
				2C1EA37C1F6281C200E97D5E /* AppDelegate.swift */,
				2C1EA37E1F6281C200E97D5E /* art.scnassets */,
				2C1EA3801F6281C200E97D5E /* ViewController.swift */,
				2C1EA3821F6281C200E97D5E /* Main.storyboard */,
				2C1EA3851F6281C200E97D5E /* Assets.xcassets */,
				2C1EA3871F6281C200E97D5E /* LaunchScreen.storyboard */,
				2C1EA38A1F6281C200E97D5E /* Info.plist */,
			);
			path = SceneKitVideoRecorderDemo;
			sourceTree = "<group>";
		};
		2C3EB9591F9A580000AA77B4 /* SceneKitVideoRecorderDemoUnitTests */ = {
			isa = PBXGroup;
			children = (
				2C3EB95A1F9A580000AA77B4 /* SceneKitVideoRecorderDemoUnitTests.swift */,
				2C3EB95C1F9A580000AA77B4 /* Info.plist */,
			);
			path = SceneKitVideoRecorderDemoUnitTests;
			sourceTree = "<group>";
		};
		7D48497869DC66C1C9741FDD /* Pods */ = {
			isa = PBXGroup;
			children = (
				EAA3B70BD9F1A1E70DEC8926 /* Pods-SceneKitVideoRecorderDemo.debug.xcconfig */,
				5637905D9A0E8ABEDCB7C091 /* Pods-SceneKitVideoRecorderDemo.release.xcconfig */,
			);
			name = Pods;
			sourceTree = "<group>";
		};
		C071E4A160A212D4358F643D /* Frameworks */ = {
			isa = PBXGroup;
			children = (
				F9BD48745ADAAAC0D1AE4D17 /* Pods_SceneKitVideoRecorderDemo.framework */,
			);
			name = Frameworks;
			sourceTree = "<group>";
		};
/* End PBXGroup section */

/* Begin PBXNativeTarget section */
		2C1EA3781F6281C200E97D5E /* SceneKitVideoRecorderDemo */ = {
			isa = PBXNativeTarget;
			buildConfigurationList = 2C1EA38D1F6281C200E97D5E /* Build configuration list for PBXNativeTarget "SceneKitVideoRecorderDemo" */;
			buildPhases = (
				FC79FC53330B284B1A4714B2 /* [CP] Check Pods Manifest.lock */,
				2C1EA3751F6281C200E97D5E /* Sources */,
				2C1EA3761F6281C200E97D5E /* Frameworks */,
				2C1EA3771F6281C200E97D5E /* Resources */,
				20AD365B3D83A9616714578E /* [CP] Embed Pods Frameworks */,
				A066F685F5FEB5EE3CC5E552 /* [CP] Copy Pods Resources */,
			);
			buildRules = (
			);
			dependencies = (
			);
			name = SceneKitVideoRecorderDemo;
			productName = SceneKitVideoRecorderDemo;
			productReference = 2C1EA3791F6281C200E97D5E /* SceneKitVideoRecorderDemo.app */;
			productType = "com.apple.product-type.application";
		};
		2C3EB9571F9A580000AA77B4 /* SceneKitVideoRecorderDemoUnitTests */ = {
			isa = PBXNativeTarget;
			buildConfigurationList = 2C3EB9611F9A580000AA77B4 /* Build configuration list for PBXNativeTarget "SceneKitVideoRecorderDemoUnitTests" */;
			buildPhases = (
				2C3EB9541F9A580000AA77B4 /* Sources */,
				2C3EB9551F9A580000AA77B4 /* Frameworks */,
				2C3EB9561F9A580000AA77B4 /* Resources */,
			);
			buildRules = (
			);
			dependencies = (
				2C3EB95E1F9A580000AA77B4 /* PBXTargetDependency */,
			);
			name = SceneKitVideoRecorderDemoUnitTests;
			productName = SceneKitVideoRecorderDemoUnitTests;
			productReference = 2C3EB9581F9A580000AA77B4 /* SceneKitVideoRecorderDemoUnitTests.xctest */;
			productType = "com.apple.product-type.bundle.unit-test";
		};
/* End PBXNativeTarget section */

/* Begin PBXProject section */
		2C1EA3711F6281C200E97D5E /* Project object */ = {
			isa = PBXProject;
			attributes = {
				LastSwiftUpdateCheck = 0910;
				LastUpgradeCheck = 0900;
				ORGANIZATIONNAME = okaris;
				TargetAttributes = {
					2C1EA3781F6281C200E97D5E = {
						CreatedOnToolsVersion = 9.0;
						ProvisioningStyle = Automatic;
					};
					2C3EB9571F9A580000AA77B4 = {
						CreatedOnToolsVersion = 9.1;
						ProvisioningStyle = Automatic;
						TestTargetID = 2C1EA3781F6281C200E97D5E;
					};
				};
			};
			buildConfigurationList = 2C1EA3741F6281C200E97D5E /* Build configuration list for PBXProject "SceneKitVideoRecorderDemo" */;
			compatibilityVersion = "Xcode 8.0";
			developmentRegion = en;
			hasScannedForEncodings = 0;
			knownRegions = (
				en,
				Base,
			);
			mainGroup = 2C1EA3701F6281C200E97D5E;
			productRefGroup = 2C1EA37A1F6281C200E97D5E /* Products */;
			projectDirPath = "";
			projectRoot = "";
			targets = (
				2C1EA3781F6281C200E97D5E /* SceneKitVideoRecorderDemo */,
				2C3EB9571F9A580000AA77B4 /* SceneKitVideoRecorderDemoUnitTests */,
			);
		};
/* End PBXProject section */

/* Begin PBXResourcesBuildPhase section */
		2C1EA3771F6281C200E97D5E /* Resources */ = {
			isa = PBXResourcesBuildPhase;
			buildActionMask = 2147483647;
			files = (
				2C1EA37F1F6281C200E97D5E /* art.scnassets in Resources */,
				2C1EA3891F6281C200E97D5E /* LaunchScreen.storyboard in Resources */,
				2C1EA3861F6281C200E97D5E /* Assets.xcassets in Resources */,
				2C1EA3841F6281C200E97D5E /* Main.storyboard in Resources */,
			);
			runOnlyForDeploymentPostprocessing = 0;
		};
		2C3EB9561F9A580000AA77B4 /* Resources */ = {
			isa = PBXResourcesBuildPhase;
			buildActionMask = 2147483647;
			files = (
			);
			runOnlyForDeploymentPostprocessing = 0;
		};
/* End PBXResourcesBuildPhase section */

/* Begin PBXShellScriptBuildPhase section */
		20AD365B3D83A9616714578E /* [CP] Embed Pods Frameworks */ = {
			isa = PBXShellScriptBuildPhase;
			buildActionMask = 2147483647;
			files = (
			);
			inputPaths = (
				"${SRCROOT}/Pods/Target Support Files/Pods-SceneKitVideoRecorderDemo/Pods-SceneKitVideoRecorderDemo-frameworks.sh",
				"${BUILT_PRODUCTS_DIR}/BrightFutures/BrightFutures.framework",
				"${BUILT_PRODUCTS_DIR}/Result/Result.framework",
				"${BUILT_PRODUCTS_DIR}/SceneKitVideoRecorder/SceneKitVideoRecorder.framework",
			);
			name = "[CP] Embed Pods Frameworks";
			outputPaths = (
				"${TARGET_BUILD_DIR}/${FRAMEWORKS_FOLDER_PATH}/BrightFutures.framework",
				"${TARGET_BUILD_DIR}/${FRAMEWORKS_FOLDER_PATH}/Result.framework",
				"${TARGET_BUILD_DIR}/${FRAMEWORKS_FOLDER_PATH}/SceneKitVideoRecorder.framework",
			);
			runOnlyForDeploymentPostprocessing = 0;
			shellPath = /bin/sh;
			shellScript = "\"${SRCROOT}/Pods/Target Support Files/Pods-SceneKitVideoRecorderDemo/Pods-SceneKitVideoRecorderDemo-frameworks.sh\"\n";
			showEnvVarsInLog = 0;
		};
		A066F685F5FEB5EE3CC5E552 /* [CP] Copy Pods Resources */ = {
			isa = PBXShellScriptBuildPhase;
			buildActionMask = 2147483647;
			files = (
			);
			inputPaths = (
			);
			name = "[CP] Copy Pods Resources";
			outputPaths = (
			);
			runOnlyForDeploymentPostprocessing = 0;
			shellPath = /bin/sh;
			shellScript = "\"${SRCROOT}/Pods/Target Support Files/Pods-SceneKitVideoRecorderDemo/Pods-SceneKitVideoRecorderDemo-resources.sh\"\n";
			showEnvVarsInLog = 0;
		};
		FC79FC53330B284B1A4714B2 /* [CP] Check Pods Manifest.lock */ = {
			isa = PBXShellScriptBuildPhase;
			buildActionMask = 2147483647;
			files = (
			);
			inputPaths = (
				"${PODS_PODFILE_DIR_PATH}/Podfile.lock",
				"${PODS_ROOT}/Manifest.lock",
			);
			name = "[CP] Check Pods Manifest.lock";
			outputPaths = (
				"$(DERIVED_FILE_DIR)/Pods-SceneKitVideoRecorderDemo-checkManifestLockResult.txt",
			);
			runOnlyForDeploymentPostprocessing = 0;
			shellPath = /bin/sh;
			shellScript = "diff \"${PODS_PODFILE_DIR_PATH}/Podfile.lock\" \"${PODS_ROOT}/Manifest.lock\" > /dev/null\nif [ $? != 0 ] ; then\n    # print error to STDERR\n    echo \"error: The sandbox is not in sync with the Podfile.lock. Run 'pod install' or update your CocoaPods installation.\" >&2\n    exit 1\nfi\n# This output is used by Xcode 'outputs' to avoid re-running this script phase.\necho \"SUCCESS\" > \"${SCRIPT_OUTPUT_FILE_0}\"\n";
			showEnvVarsInLog = 0;
		};
/* End PBXShellScriptBuildPhase section */

/* Begin PBXSourcesBuildPhase section */
		2C1EA3751F6281C200E97D5E /* Sources */ = {
			isa = PBXSourcesBuildPhase;
			buildActionMask = 2147483647;
			files = (
				2C1EA3811F6281C200E97D5E /* ViewController.swift in Sources */,
				2C1EA37D1F6281C200E97D5E /* AppDelegate.swift in Sources */,
			);
			runOnlyForDeploymentPostprocessing = 0;
		};
		2C3EB9541F9A580000AA77B4 /* Sources */ = {
			isa = PBXSourcesBuildPhase;
			buildActionMask = 2147483647;
			files = (
				2C3EB95B1F9A580000AA77B4 /* SceneKitVideoRecorderDemoUnitTests.swift in Sources */,
			);
			runOnlyForDeploymentPostprocessing = 0;
		};
/* End PBXSourcesBuildPhase section */

/* Begin PBXTargetDependency section */
		2C3EB95E1F9A580000AA77B4 /* PBXTargetDependency */ = {
			isa = PBXTargetDependency;
			target = 2C1EA3781F6281C200E97D5E /* SceneKitVideoRecorderDemo */;
			targetProxy = 2C3EB95D1F9A580000AA77B4 /* PBXContainerItemProxy */;
		};
/* End PBXTargetDependency section */

/* Begin PBXVariantGroup section */
		2C1EA3821F6281C200E97D5E /* Main.storyboard */ = {
			isa = PBXVariantGroup;
			children = (
				2C1EA3831F6281C200E97D5E /* Base */,
			);
			name = Main.storyboard;
			sourceTree = "<group>";
		};
		2C1EA3871F6281C200E97D5E /* LaunchScreen.storyboard */ = {
			isa = PBXVariantGroup;
			children = (
				2C1EA3881F6281C200E97D5E /* Base */,
			);
			name = LaunchScreen.storyboard;
			sourceTree = "<group>";
		};
/* End PBXVariantGroup section */

/* Begin XCBuildConfiguration section */
		2C1EA38B1F6281C200E97D5E /* Debug */ = {
			isa = XCBuildConfiguration;
			buildSettings = {
				ALWAYS_SEARCH_USER_PATHS = NO;
				CLANG_ANALYZER_NONNULL = YES;
				CLANG_ANALYZER_NUMBER_OBJECT_CONVERSION = YES_AGGRESSIVE;
				CLANG_CXX_LANGUAGE_STANDARD = "gnu++14";
				CLANG_CXX_LIBRARY = "libc++";
				CLANG_ENABLE_MODULES = YES;
				CLANG_ENABLE_OBJC_ARC = YES;
				CLANG_WARN_BLOCK_CAPTURE_AUTORELEASING = YES;
				CLANG_WARN_BOOL_CONVERSION = YES;
				CLANG_WARN_COMMA = YES;
				CLANG_WARN_CONSTANT_CONVERSION = YES;
				CLANG_WARN_DIRECT_OBJC_ISA_USAGE = YES_ERROR;
				CLANG_WARN_DOCUMENTATION_COMMENTS = YES;
				CLANG_WARN_EMPTY_BODY = YES;
				CLANG_WARN_ENUM_CONVERSION = YES;
				CLANG_WARN_INFINITE_RECURSION = YES;
				CLANG_WARN_INT_CONVERSION = YES;
				CLANG_WARN_NON_LITERAL_NULL_CONVERSION = YES;
				CLANG_WARN_OBJC_LITERAL_CONVERSION = YES;
				CLANG_WARN_OBJC_ROOT_CLASS = YES_ERROR;
				CLANG_WARN_RANGE_LOOP_ANALYSIS = YES;
				CLANG_WARN_STRICT_PROTOTYPES = YES;
				CLANG_WARN_SUSPICIOUS_MOVE = YES;
				CLANG_WARN_UNGUARDED_AVAILABILITY = YES_AGGRESSIVE;
				CLANG_WARN_UNREACHABLE_CODE = YES;
				CLANG_WARN__DUPLICATE_METHOD_MATCH = YES;
				CODE_SIGN_IDENTITY = "iPhone Developer";
				COPY_PHASE_STRIP = NO;
				DEBUG_INFORMATION_FORMAT = dwarf;
				ENABLE_STRICT_OBJC_MSGSEND = YES;
				ENABLE_TESTABILITY = YES;
				GCC_C_LANGUAGE_STANDARD = gnu11;
				GCC_DYNAMIC_NO_PIC = NO;
				GCC_NO_COMMON_BLOCKS = YES;
				GCC_OPTIMIZATION_LEVEL = 0;
				GCC_PREPROCESSOR_DEFINITIONS = (
					"DEBUG=1",
					"$(inherited)",
				);
				GCC_WARN_64_TO_32_BIT_CONVERSION = YES;
				GCC_WARN_ABOUT_RETURN_TYPE = YES_ERROR;
				GCC_WARN_UNDECLARED_SELECTOR = YES;
				GCC_WARN_UNINITIALIZED_AUTOS = YES_AGGRESSIVE;
				GCC_WARN_UNUSED_FUNCTION = YES;
				GCC_WARN_UNUSED_VARIABLE = YES;
				IPHONEOS_DEPLOYMENT_TARGET = 11.0;
				MTL_ENABLE_DEBUG_INFO = YES;
				ONLY_ACTIVE_ARCH = YES;
				SDKROOT = iphoneos;
				SWIFT_ACTIVE_COMPILATION_CONDITIONS = DEBUG;
				SWIFT_OPTIMIZATION_LEVEL = "-Onone";
				SWIFT_VERSION = 3.0;
			};
			name = Debug;
		};
		2C1EA38C1F6281C200E97D5E /* Release */ = {
			isa = XCBuildConfiguration;
			buildSettings = {
				ALWAYS_SEARCH_USER_PATHS = NO;
				CLANG_ANALYZER_NONNULL = YES;
				CLANG_ANALYZER_NUMBER_OBJECT_CONVERSION = YES_AGGRESSIVE;
				CLANG_CXX_LANGUAGE_STANDARD = "gnu++14";
				CLANG_CXX_LIBRARY = "libc++";
				CLANG_ENABLE_MODULES = YES;
				CLANG_ENABLE_OBJC_ARC = YES;
				CLANG_WARN_BLOCK_CAPTURE_AUTORELEASING = YES;
				CLANG_WARN_BOOL_CONVERSION = YES;
				CLANG_WARN_COMMA = YES;
				CLANG_WARN_CONSTANT_CONVERSION = YES;
				CLANG_WARN_DIRECT_OBJC_ISA_USAGE = YES_ERROR;
				CLANG_WARN_DOCUMENTATION_COMMENTS = YES;
				CLANG_WARN_EMPTY_BODY = YES;
				CLANG_WARN_ENUM_CONVERSION = YES;
				CLANG_WARN_INFINITE_RECURSION = YES;
				CLANG_WARN_INT_CONVERSION = YES;
				CLANG_WARN_NON_LITERAL_NULL_CONVERSION = YES;
				CLANG_WARN_OBJC_LITERAL_CONVERSION = YES;
				CLANG_WARN_OBJC_ROOT_CLASS = YES_ERROR;
				CLANG_WARN_RANGE_LOOP_ANALYSIS = YES;
				CLANG_WARN_STRICT_PROTOTYPES = YES;
				CLANG_WARN_SUSPICIOUS_MOVE = YES;
				CLANG_WARN_UNGUARDED_AVAILABILITY = YES_AGGRESSIVE;
				CLANG_WARN_UNREACHABLE_CODE = YES;
				CLANG_WARN__DUPLICATE_METHOD_MATCH = YES;
				CODE_SIGN_IDENTITY = "iPhone Developer";
				COPY_PHASE_STRIP = NO;
				DEBUG_INFORMATION_FORMAT = "dwarf-with-dsym";
				ENABLE_NS_ASSERTIONS = NO;
				ENABLE_STRICT_OBJC_MSGSEND = YES;
				GCC_C_LANGUAGE_STANDARD = gnu11;
				GCC_NO_COMMON_BLOCKS = YES;
				GCC_WARN_64_TO_32_BIT_CONVERSION = YES;
				GCC_WARN_ABOUT_RETURN_TYPE = YES_ERROR;
				GCC_WARN_UNDECLARED_SELECTOR = YES;
				GCC_WARN_UNINITIALIZED_AUTOS = YES_AGGRESSIVE;
				GCC_WARN_UNUSED_FUNCTION = YES;
				GCC_WARN_UNUSED_VARIABLE = YES;
				IPHONEOS_DEPLOYMENT_TARGET = 11.0;
				MTL_ENABLE_DEBUG_INFO = NO;
				SDKROOT = iphoneos;
				SWIFT_OPTIMIZATION_LEVEL = "-Owholemodule";
				SWIFT_VERSION = 3.0;
				VALIDATE_PRODUCT = YES;
			};
			name = Release;
		};
		2C1EA38E1F6281C200E97D5E /* Debug */ = {
			isa = XCBuildConfiguration;
			baseConfigurationReference = EAA3B70BD9F1A1E70DEC8926 /* Pods-SceneKitVideoRecorderDemo.debug.xcconfig */;
			buildSettings = {
				ASSETCATALOG_COMPILER_APPICON_NAME = AppIcon;
				"CODE_SIGN_IDENTITY[sdk=iphoneos*]" = "iPhone Developer";
				CODE_SIGN_STYLE = Automatic;
				DEVELOPMENT_TEAM = XH64JAYUW5;
				INFOPLIST_FILE = SceneKitVideoRecorderDemo/Info.plist;
				LD_RUNPATH_SEARCH_PATHS = "$(inherited) @executable_path/Frameworks";
				PRODUCT_BUNDLE_IDENTIFIER = com.okaris.SceneKitVideoRecorderDemo;
				PRODUCT_NAME = "$(TARGET_NAME)";
				PROVISIONING_PROFILE_SPECIFIER = "";
				SWIFT_VERSION = 3.0;
				TARGETED_DEVICE_FAMILY = "1,2";
			};
			name = Debug;
		};
		2C1EA38F1F6281C200E97D5E /* Release */ = {
			isa = XCBuildConfiguration;
			baseConfigurationReference = 5637905D9A0E8ABEDCB7C091 /* Pods-SceneKitVideoRecorderDemo.release.xcconfig */;
			buildSettings = {
				ASSETCATALOG_COMPILER_APPICON_NAME = AppIcon;
				"CODE_SIGN_IDENTITY[sdk=iphoneos*]" = "iPhone Developer";
				CODE_SIGN_STYLE = Automatic;
				DEVELOPMENT_TEAM = XH64JAYUW5;
				INFOPLIST_FILE = SceneKitVideoRecorderDemo/Info.plist;
				LD_RUNPATH_SEARCH_PATHS = "$(inherited) @executable_path/Frameworks";
				PRODUCT_BUNDLE_IDENTIFIER = com.okaris.SceneKitVideoRecorderDemo;
				PRODUCT_NAME = "$(TARGET_NAME)";
				PROVISIONING_PROFILE_SPECIFIER = "";
				SWIFT_VERSION = 3.0;
				TARGETED_DEVICE_FAMILY = "1,2";
			};
			name = Release;
		};
		2C3EB95F1F9A580000AA77B4 /* Debug */ = {
			isa = XCBuildConfiguration;
			buildSettings = {
				BUNDLE_LOADER = "$(TEST_HOST)";
				CODE_SIGN_STYLE = Automatic;
				DEVELOPMENT_TEAM = WQUXHXJ3LM;
				INFOPLIST_FILE = SceneKitVideoRecorderDemoUnitTests/Info.plist;
				IPHONEOS_DEPLOYMENT_TARGET = 11.1;
				LD_RUNPATH_SEARCH_PATHS = "$(inherited) @executable_path/Frameworks @loader_path/Frameworks";
				PRODUCT_BUNDLE_IDENTIFIER = com.okaris.SceneKitVideoRecorderDemoUnitTests;
				PRODUCT_NAME = "$(TARGET_NAME)";
				SWIFT_VERSION = 4.0;
				TARGETED_DEVICE_FAMILY = "1,2";
				TEST_HOST = "$(BUILT_PRODUCTS_DIR)/SceneKitVideoRecorderDemo.app/SceneKitVideoRecorderDemo";
			};
			name = Debug;
		};
		2C3EB9601F9A580000AA77B4 /* Release */ = {
			isa = XCBuildConfiguration;
			buildSettings = {
				BUNDLE_LOADER = "$(TEST_HOST)";
				CODE_SIGN_STYLE = Automatic;
				DEVELOPMENT_TEAM = WQUXHXJ3LM;
				INFOPLIST_FILE = SceneKitVideoRecorderDemoUnitTests/Info.plist;
				IPHONEOS_DEPLOYMENT_TARGET = 11.1;
				LD_RUNPATH_SEARCH_PATHS = "$(inherited) @executable_path/Frameworks @loader_path/Frameworks";
				PRODUCT_BUNDLE_IDENTIFIER = com.okaris.SceneKitVideoRecorderDemoUnitTests;
				PRODUCT_NAME = "$(TARGET_NAME)";
				SWIFT_VERSION = 4.0;
				TARGETED_DEVICE_FAMILY = "1,2";
				TEST_HOST = "$(BUILT_PRODUCTS_DIR)/SceneKitVideoRecorderDemo.app/SceneKitVideoRecorderDemo";
			};
			name = Release;
		};
/* End XCBuildConfiguration section */

/* Begin XCConfigurationList section */
		2C1EA3741F6281C200E97D5E /* Build configuration list for PBXProject "SceneKitVideoRecorderDemo" */ = {
			isa = XCConfigurationList;
			buildConfigurations = (
				2C1EA38B1F6281C200E97D5E /* Debug */,
				2C1EA38C1F6281C200E97D5E /* Release */,
			);
			defaultConfigurationIsVisible = 0;
			defaultConfigurationName = Release;
		};
		2C1EA38D1F6281C200E97D5E /* Build configuration list for PBXNativeTarget "SceneKitVideoRecorderDemo" */ = {
			isa = XCConfigurationList;
			buildConfigurations = (
				2C1EA38E1F6281C200E97D5E /* Debug */,
				2C1EA38F1F6281C200E97D5E /* Release */,
			);
			defaultConfigurationIsVisible = 0;
			defaultConfigurationName = Release;
		};
		2C3EB9611F9A580000AA77B4 /* Build configuration list for PBXNativeTarget "SceneKitVideoRecorderDemoUnitTests" */ = {
			isa = XCConfigurationList;
			buildConfigurations = (
				2C3EB95F1F9A580000AA77B4 /* Debug */,
				2C3EB9601F9A580000AA77B4 /* Release */,
			);
			defaultConfigurationIsVisible = 0;
			defaultConfigurationName = Release;
		};
/* End XCConfigurationList section */
	};
	rootObject = 2C1EA3711F6281C200E97D5E /* Project object */;
}
